{
  "nodes": {
    "nixpkgs": {
      "locked": {
        "lastModified": 1785002762,
        "narHash": "sha256-djHx+I7Yp2yyngFbDgZtvcLyWsGZ85WlVSTl1XW3Ta8=",
        "rev": "f7a2e428f5d71c47a5a938a3c5ad7138bb291093",
        "type": "tarball",
        "url": "https://releases.nixos.org/nixos/26.05/nixos-26.05.6144.f7a2e428f5d7/nixexprs.tar.xz"
      },
      "original": {
        "type": "tarball",
        "url": "https://channels.nixos.org/nixos-26.05/nixexprs.tar.xz"
      }
    },
    "root": {
      "inputs": {
        "nixpkgs": "nixpkgs"
      }
    }
  },
  "root": "root",
  "version": 7
}
